// !$*UTF8*$!
{
	archiveVersion = 1;
	classes = {
	};
	objectVersion = 52;
	objects = {

/* Begin PBXBuildFile section */
		26842C1D268343ED00072039 /* Alamofire in Frameworks */ = {isa = PBXBuildFile; productRef = 26842C1C268343ED00072039 /* Alamofire */; };
		26842C21268398EE00072039 /* SwiftyJSON in Frameworks */ = {isa = PBXBuildFile; productRef = 26842C20268398EE00072039 /* SwiftyJSON */; };
		26842C24268492E800072039 /* Weather.swift in Sources */ = {isa = PBXBuildFile; fileRef = 26842C23268492E800072039 /* Weather.swift */; };
		26842C302688823200072039 /* QueryViewController.swift in Sources */ = {isa = PBXBuildFile; fileRef = 26842C2F2688823200072039 /* QueryViewController.swift */; };
		26842C332688C0A000072039 /* Constants.swift in Sources */ = {isa = PBXBuildFile; fileRef = 26842C322688C0A000072039 /* Constants.swift */; };
		26842C372688C63B00072039 /* VCHelper.swift in Sources */ = {isa = PBXBuildFile; fileRef = 26842C362688C63B00072039 /* VCHelper.swift */; };
		2698508E2663DD07007B63CA /* AppDelegate.swift in Sources */ = {isa = PBXBuildFile; fileRef = 2698508D2663DD07007B63CA /* AppDelegate.swift */; };
		269850902663DD07007B63CA /* SceneDelegate.swift in Sources */ = {isa = PBXBuildFile; fileRef = 2698508F2663DD07007B63CA /* SceneDelegate.swift */; };
		269850922663DD07007B63CA /* ViewController.swift in Sources */ = {isa = PBXBuildFile; fileRef = 269850912663DD07007B63CA /* ViewController.swift */; };
		269850952663DD07007B63CA /* Main.storyboard in Resources */ = {isa = PBXBuildFile; fileRef = 269850932663DD07007B63CA /* Main.storyboard */; };
		269850972663DD09007B63CA /* Assets.xcassets in Resources */ = {isa = PBXBuildFile; fileRef = 269850962663DD09007B63CA /* Assets.xcassets */; };
		2698509A2663DD09007B63CA /* LaunchScreen.storyboard in Resources */ = {isa = PBXBuildFile; fileRef = 269850982663DD09007B63CA /* LaunchScreen.storyboard */; };
/* End PBXBuildFile section */

/* Begin PBXFileReference section */
		26842C1026820B2400072039 /* PlugInPackage */ = {isa = PBXFileReference; lastKnownFileType = folder; name = PlugInPackage; path = ../../PlugInPackage; sourceTree = "<group>"; };
		26842C23268492E800072039 /* Weather.swift */ = {isa = PBXFileReference; lastKnownFileType = sourcecode.swift; path = Weather.swift; sourceTree = "<group>"; };
		26842C2F2688823200072039 /* QueryViewController.swift */ = {isa = PBXFileReference; lastKnownFileType = sourcecode.swift; path = QueryViewController.swift; sourceTree = "<group>"; };
		26842C322688C0A000072039 /* Constants.swift */ = {isa = PBXFileReference; lastKnownFileType = sourcecode.swift; path = Constants.swift; sourceTree = "<group>"; };
		26842C362688C63B00072039 /* VCHelper.swift */ = {isa = PBXFileReference; lastKnownFileType = sourcecode.swift; path = VCHelper.swift; sourceTree = "<group>"; };
		2698508A2663DD07007B63CA /* Weather.app */ = {isa = PBXFileReference; explicitFileType = wrapper.application; includeInIndex = 0; path = Weather.app; sourceTree = BUILT_PRODUCTS_DIR; };
		2698508D2663DD07007B63CA /* AppDelegate.swift */ = {isa = PBXFileReference; lastKnownFileType = sourcecode.swift; path = AppDelegate.swift; sourceTree = "<group>"; };
		2698508F2663DD07007B63CA /* SceneDelegate.swift */ = {isa = PBXFileReference; lastKnownFileType = sourcecode.swift; path = SceneDelegate.swift; sourceTree = "<group>"; };
		269850912663DD07007B63CA /* ViewController.swift */ = {isa = PBXFileReference; lastKnownFileType = sourcecode.swift; path = ViewController.swift; sourceTree = "<group>"; };
		269850942663DD07007B63CA /* Base */ = {isa = PBXFileReference; lastKnownFileType = file.storyboard; name = Base; path = Base.lproj/Main.storyboard; sourceTree = "<group>"; };
		269850962663DD09007B63CA /* Assets.xcassets */ = {isa = PBXFileReference; lastKnownFileType = folder.assetcatalog; path = Assets.xcassets; sourceTree = "<group>"; };
		269850992663DD09007B63CA /* Base */ = {isa = PBXFileReference; lastKnownFileType = file.storyboard; name = Base; path = Base.lproj/LaunchScreen.storyboard; sourceTree = "<group>"; };
		2698509B2663DD09007B63CA /* Info.plist */ = {isa = PBXFileReference; lastKnownFileType = text.plist.xml; path = Info.plist; sourceTree = "<group>"; };
/* End PBXFileReference section */

/* Begin PBXFrameworksBuildPhase section */
		269850872663DD07007B63CA /* Frameworks */ = {
			isa = PBXFrameworksBuildPhase;
			buildActionMask = 2147483647;
			files = (
				26842C21268398EE00072039 /* SwiftyJSON in Frameworks */,
				26842C1D268343ED00072039 /* Alamofire in Frameworks */,
			);
			runOnlyForDeploymentPostprocessing = 0;
		};
/* End PBXFrameworksBuildPhase section */

/* Begin PBXGroup section */
		26842C2B26849A2D00072039 /* Model */ = {
			isa = PBXGroup;
			children = (
				26842C23268492E800072039 /* Weather.swift */,
			);
			name = Model;
			sourceTree = "<group>";
		};
		26842C2D26849A7C00072039 /* Controller */ = {
			isa = PBXGroup;
			children = (
				269850912663DD07007B63CA /* ViewController.swift */,
				26842C362688C63B00072039 /* VCHelper.swift */,
				26842C2F2688823200072039 /* QueryViewController.swift */,
			);
			name = Controller;
			sourceTree = "<group>";
		};
		26842C352688C57200072039 /* View */ = {
			isa = PBXGroup;
			children = (
				269850932663DD07007B63CA /* Main.storyboard */,
				269850962663DD09007B63CA /* Assets.xcassets */,
			);
			name = View;
			sourceTree = "<group>";
		};
		269850812663DD07007B63CA = {
			isa = PBXGroup;
			children = (
				2698508C2663DD07007B63CA /* Weather */,
				2698508B2663DD07007B63CA /* Products */,
			);
			sourceTree = "<group>";
		};
		2698508B2663DD07007B63CA /* Products */ = {
			isa = PBXGroup;
			children = (
				2698508A2663DD07007B63CA /* Weather.app */,
			);
			name = Products;
			sourceTree = "<group>";
		};
		2698508C2663DD07007B63CA /* Weather */ = {
			isa = PBXGroup;
			children = (
				26842C1026820B2400072039 /* PlugInPackage */,
				2698508D2663DD07007B63CA /* AppDelegate.swift */,
				2698508F2663DD07007B63CA /* SceneDelegate.swift */,
				26842C352688C57200072039 /* View */,
				26842C2B26849A2D00072039 /* Model */,
				26842C2D26849A7C00072039 /* Controller */,
				26842C322688C0A000072039 /* Constants.swift */,
				269850982663DD09007B63CA /* LaunchScreen.storyboard */,
				2698509B2663DD09007B63CA /* Info.plist */,
			);
			path = Weather;
			sourceTree = "<group>";
		};
/* End PBXGroup section */

/* Begin PBXNativeTarget section */
		269850892663DD07007B63CA /* Weather */ = {
			isa = PBXNativeTarget;
			buildConfigurationList = 2698509E2663DD09007B63CA /* Build configuration list for PBXNativeTarget "Weather" */;
			buildPhases = (
				269850862663DD07007B63CA /* Sources */,
				269850872663DD07007B63CA /* Frameworks */,
				269850882663DD07007B63CA /* Resources */,
			);
			buildRules = (
			);
			dependencies = (
			);
			name = Weather;
			packageProductDependencies = (
				26842C1C268343ED00072039 /* Alamofire */,
				26842C20268398EE00072039 /* SwiftyJSON */,
			);
			productName = Weather;
			productReference = 2698508A2663DD07007B63CA /* Weather.app */;
			productType = "com.apple.product-type.application";
		};
/* End PBXNativeTarget section */

/* Begin PBXProject section */
		269850822663DD07007B63CA /* Project object */ = {
			isa = PBXProject;
			attributes = {
				LastSwiftUpdateCheck = 1240;
				LastUpgradeCheck = 1240;
				TargetAttributes = {
					269850892663DD07007B63CA = {
						CreatedOnToolsVersion = 12.4;
					};
				};
			};
			buildConfigurationList = 269850852663DD07007B63CA /* Build configuration list for PBXProject "Weather" */;
			compatibilityVersion = "Xcode 9.3";
			developmentRegion = en;
			hasScannedForEncodings = 0;
			knownRegions = (
				en,
				Base,
			);
			mainGroup = 269850812663DD07007B63CA;
			packageReferences = (
				26842C1B268343ED00072039 /* XCRemoteSwiftPackageReference "Alamofire" */,
				26842C1F268398EE00072039 /* XCRemoteSwiftPackageReference "SwiftyJSON" */,
			);
			productRefGroup = 2698508B2663DD07007B63CA /* Products */;
			projectDirPath = "";
			projectRoot = "";
			targets = (
				269850892663DD07007B63CA /* Weather */,
			);
		};
/* End PBXProject section */

/* Begin PBXResourcesBuildPhase section */
		269850882663DD07007B63CA /* Resources */ = {
			isa = PBXResourcesBuildPhase;
			buildActionMask = 2147483647;
			files = (
				2698509A2663DD09007B63CA /* LaunchScreen.storyboard in Resources */,
				269850972663DD09007B63CA /* Assets.xcassets in Resources */,
				269850952663DD07007B63CA /* Main.storyboard in Resources */,
			);
			runOnlyForDeploymentPostprocessing = 0;
		};
/* End PBXResourcesBuildPhase section */

/* Begin PBXSourcesBuildPhase section */
		269850862663DD07007B63CA /* Sources */ = {
			isa = PBXSourcesBuildPhase;
			buildActionMask = 2147483647;
			files = (
				26842C372688C63B00072039 /* VCHelper.swift in Sources */,
				26842C24268492E800072039 /* Weather.swift in Sources */,
				269850922663DD07007B63CA /* ViewController.swift in Sources */,
				2698508E2663DD07007B63CA /* AppDelegate.swift in Sources */,
				269850902663DD07007B63CA /* SceneDelegate.swift in Sources */,
				26842C302688823200072039 /* QueryViewController.swift in Sources */,
				26842C332688C0A000072039 /* Constants.swift in Sources */,
			);
			runOnlyForDeploymentPostprocessing = 0;
		};
/* End PBXSourcesBuildPhase section */

/* Begin PBXVariantGroup section */
		269850932663DD07007B63CA /* Main.storyboard */ = {
			isa = PBXVariantGroup;
			children = (
				269850942663DD07007B63CA /* Base */,
			);
			name = Main.storyboard;
			sourceTree = "<group>";
		};
		269850982663DD09007B63CA /* LaunchScreen.storyboard */ = {
			isa = PBXVariantGroup;
			children = (
				269850992663DD09007B63CA /* Base */,
			);
			name = LaunchScreen.storyboard;
			sourceTree = "<group>";
		};
/* End PBXVariantGroup section */

/* Begin XCBuildConfiguration section */
		2698509C2663DD09007B63CA /* Debug */ = {
			isa = XCBuildConfiguration;
			buildSettings = {
				ALWAYS_SEARCH_USER_PATHS = NO;
				CLANG_ANALYZER_NONNULL = YES;
				CLANG_ANALYZER_NUMBER_OBJECT_CONVERSION = YES_AGGRESSIVE;
				CLANG_CXX_LANGUAGE_STANDARD = "gnu++14";
				CLANG_CXX_LIBRARY = "libc++";
				CLANG_ENABLE_MODULES = YES;
				CLANG_ENABLE_OBJC_ARC = YES;
				CLANG_ENABLE_OBJC_WEAK = YES;
				CLANG_WARN_BLOCK_CAPTURE_AUTORELEASING = YES;
				CLANG_WARN_BOOL_CONVERSION = YES;
				CLANG_WARN_COMMA = YES;
				CLANG_WARN_CONSTANT_CONVERSION = YES;
				CLANG_WARN_DEPRECATED_OBJC_IMPLEMENTATIONS = YES;
				CLANG_WARN_DIRECT_OBJC_ISA_USAGE = YES_ERROR;
				CLANG_WARN_DOCUMENTATION_COMMENTS = YES;
				CLANG_WARN_EMPTY_BODY = YES;
				CLANG_WARN_ENUM_CONVERSION = YES;
				CLANG_WARN_INFINITE_RECURSION = YES;
				CLANG_WARN_INT_CONVERSION = YES;
				CLANG_WARN_NON_LITERAL_NULL_CONVERSION = YES;
				CLANG_WARN_OBJC_IMPLICIT_RETAIN_SELF = YES;
				CLANG_WARN_OBJC_LITERAL_CONVERSION = YES;
				CLANG_WARN_OBJC_ROOT_CLASS = YES_ERROR;
				CLANG_WARN_QUOTED_INCLUDE_IN_FRAMEWORK_HEADER = YES;
				CLANG_WARN_RANGE_LOOP_ANALYSIS = YES;
				CLANG_WARN_STRICT_PROTOTYPES = YES;
				CLANG_WARN_SUSPICIOUS_MOVE = YES;
				CLANG_WARN_UNGUARDED_AVAILABILITY = YES_AGGRESSIVE;
				CLANG_WARN_UNREACHABLE_CODE = YES;
				CLANG_WARN__DUPLICATE_METHOD_MATCH = YES;
				COPY_PHASE_STRIP = NO;
				DEBUG_INFORMATION_FORMAT = dwarf;
				ENABLE_STRICT_OBJC_MSGSEND = YES;
				ENABLE_TESTABILITY = YES;
				GCC_C_LANGUAGE_STANDARD = gnu11;
				GCC_DYNAMIC_NO_PIC = NO;
				GCC_NO_COMMON_BLOCKS = YES;
				GCC_OPTIMIZATION_LEVEL = 0;
				GCC_PREPROCESSOR_DEFINITIONS = (
					"DEBUG=1",
					"$(inherited)",
				);
				GCC_WARN_64_TO_32_BIT_CONVERSION = YES;
				GCC_WARN_ABOUT_RETURN_TYPE = YES_ERROR;
				GCC_WARN_UNDECLARED_SELECTOR = YES;
				GCC_WARN_UNINITIALIZED_AUTOS = YES_AGGRESSIVE;
				GCC_WARN_UNUSED_FUNCTION = YES;
				GCC_WARN_UNUSED_VARIABLE = YES;
				IPHONEOS_DEPLOYMENT_TARGET = 14.4;
				MTL_ENABLE_DEBUG_INFO = INCLUDE_SOURCE;
				MTL_FAST_MATH = YES;
				ONLY_ACTIVE_ARCH = YES;
				SDKROOT = iphoneos;
				SWIFT_ACTIVE_COMPILATION_CONDITIONS = DEBUG;
				SWIFT_OPTIMIZATION_LEVEL = "-Onone";
			};
			name = Debug;
		};
		2698509D2663DD09007B63CA /* Release */ = {
			isa = XCBuildConfiguration;
			buildSettings = {
				ALWAYS_SEARCH_USER_PATHS = NO;
				CLANG_ANALYZER_NONNULL = YES;
				CLANG_ANALYZER_NUMBER_OBJECT_CONVERSION = YES_AGGRESSIVE;
				CLANG_CXX_LANGUAGE_STANDARD = "gnu++14";
				CLANG_CXX_LIBRARY = "libc++";
				CLANG_ENABLE_MODULES = YES;
				CLANG_ENABLE_OBJC_ARC = YES;
				CLANG_ENABLE_OBJC_WEAK = YES;
				CLANG_WARN_BLOCK_CAPTURE_AUTORELEASING = YES;
				CLANG_WARN_BOOL_CONVERSION = YES;
				CLANG_WARN_COMMA = YES;
				CLANG_WARN_CONSTANT_CONVERSION = YES;
				CLANG_WARN_DEPRECATED_OBJC_IMPLEMENTATIONS = YES;
				CLANG_WARN_DIRECT_OBJC_ISA_USAGE = YES_ERROR;
				CLANG_WARN_DOCUMENTATION_COMMENTS = YES;
				CLANG_WARN_EMPTY_BODY = YES;
				CLANG_WARN_ENUM_CONVERSION = YES;
				CLANG_WARN_INFINITE_RECURSION = YES;
				CLANG_WARN_INT_CONVERSION = YES;
				CLANG_WARN_NON_LITERAL_NULL_CONVERSION = YES;
				CLANG_WARN_OBJC_IMPLICIT_RETAIN_SELF = YES;
				CLANG_WARN_OBJC_LITERAL_CONVERSION = YES;
				CLANG_WARN_OBJC_ROOT_CLASS = YES_ERROR;
				CLANG_WARN_QUOTED_INCLUDE_IN_FRAMEWORK_HEADER = YES;
				CLANG_WARN_RANGE_LOOP_ANALYSIS = YES;
				CLANG_WARN_STRICT_PROTOTYPES = YES;
				CLANG_WARN_SUSPICIOUS_MOVE = YES;
				CLANG_WARN_UNGUARDED_AVAILABILITY = YES_AGGRESSIVE;
				CLANG_WARN_UNREACHABLE_CODE = YES;
				CLANG_WARN__DUPLICATE_METHOD_MATCH = YES;
				COPY_PHASE_STRIP = NO;
				DEBUG_INFORMATION_FORMAT = "dwarf-with-dsym";
				ENABLE_NS_ASSERTIONS = NO;
				ENABLE_STRICT_OBJC_MSGSEND = YES;
				GCC_C_LANGUAGE_STANDARD = gnu11;
				GCC_NO_COMMON_BLOCKS = YES;
				GCC_WARN_64_TO_32_BIT_CONVERSION = YES;
				GCC_WARN_ABOUT_RETURN_TYPE = YES_ERROR;
				GCC_WARN_UNDECLARED_SELECTOR = YES;
				GCC_WARN_UNINITIALIZED_AUTOS = YES_AGGRESSIVE;
				GCC_WARN_UNUSED_FUNCTION = YES;
				GCC_WARN_UNUSED_VARIABLE = YES;
				IPHONEOS_DEPLOYMENT_TARGET = 14.4;
				MTL_ENABLE_DEBUG_INFO = NO;
				MTL_FAST_MATH = YES;
				SDKROOT = iphoneos;
				SWIFT_COMPILATION_MODE = wholemodule;
				SWIFT_OPTIMIZATION_LEVEL = "-O";
				VALIDATE_PRODUCT = YES;
			};
			name = Release;
		};
		2698509F2663DD09007B63CA /* Debug */ = {
			isa = XCBuildConfiguration;
			buildSettings = {
				ASSETCATALOG_COMPILER_APPICON_NAME = AppIcon;
				ASSETCATALOG_COMPILER_GLOBAL_ACCENT_COLOR_NAME = AccentColor;
				CODE_SIGN_STYLE = Automatic;
				INFOPLIST_FILE = Weather/Info.plist;
				LD_RUNPATH_SEARCH_PATHS = (
					"$(inherited)",
					"@executable_path/Frameworks",
				);
				PRODUCT_BUNDLE_IDENTIFIER = com.yozora.Weather;
				PRODUCT_NAME = "$(TARGET_NAME)";
				SWIFT_VERSION = 5.0;
				TARGETED_DEVICE_FAMILY = 1;
			};
			name = Debug;
		};
		269850A02663DD09007B63CA /* Release */ = {
			isa = XCBuildConfiguration;
			buildSettings = {
				ASSETCATALOG_COMPILER_APPICON_NAME = AppIcon;
				ASSETCATALOG_COMPILER_GLOBAL_ACCENT_COLOR_NAME = AccentColor;
				CODE_SIGN_STYLE = Automatic;
				INFOPLIST_FILE = Weather/Info.plist;
				LD_RUNPATH_SEARCH_PATHS = (
					"$(inherited)",
					"@executable_path/Frameworks",
				);
				PRODUCT_BUNDLE_IDENTIFIER = com.yozora.Weather;
				PRODUCT_NAME = "$(TARGET_NAME)";
				SWIFT_VERSION = 5.0;
				TARGETED_DEVICE_FAMILY = 1;
			};
			name = Release;
		};
/* End XCBuildConfiguration section */

/* Begin XCConfigurationList section */
		269850852663DD07007B63CA /* Build configuration list for PBXProject "Weather" */ = {
			isa = XCConfigurationList;
			buildConfigurations = (
				2698509C2663DD09007B63CA /* Debug */,
				2698509D2663DD09007B63CA /* Release */,
			);
			defaultConfigurationIsVisible = 0;
			defaultConfigurationName = Release;
		};
		2698509E2663DD09007B63CA /* Build configuration list for PBXNativeTarget "Weather" */ = {
			isa = XCConfigurationList;
			buildConfigurations = (
				2698509F2663DD09007B63CA /* Debug */,
				269850A02663DD09007B63CA /* Release */,
			);
			defaultConfigurationIsVisible = 0;
			defaultConfigurationName = Release;
		};
/* End XCConfigurationList section */

/* Begin XCRemoteSwiftPackageReference section */
		26842C1B268343ED00072039 /* XCRemoteSwiftPackageReference "Alamofire" */ = {
			isa = XCRemoteSwiftPackageReference;
			repositoryURL = "https://github.com/Alamofire/Alamofire.git";
			requirement = {
				kind = upToNextMajorVersion;
				minimumVersion = 5.4.0;
			};
		};
		26842C1F268398EE00072039 /* XCRemoteSwiftPackageReference "SwiftyJSON" */ = {
			isa = XCRemoteSwiftPackageReference;
			repositoryURL = "https://github.com/SwiftyJSON/SwiftyJSON.git";
			requirement = {
				kind = upToNextMajorVersion;
				minimumVersion = 4.0.0;
			};
		};
/* End XCRemoteSwiftPackageReference section */

/* Begin XCSwiftPackageProductDependency section */
		26842C1C268343ED00072039 /* Alamofire */ = {
			isa = XCSwiftPackageProductDependency;
			package = 26842C1B268343ED00072039 /* XCRemoteSwiftPackageReference "Alamofire" */;
			productName = Alamofire;
		};
		26842C20268398EE00072039 /* SwiftyJSON */ = {
			isa = XCSwiftPackageProductDependency;
			package = 26842C1F268398EE00072039 /* XCRemoteSwiftPackageReference "SwiftyJSON" */;
			productName = SwiftyJSON;
		};
/* End XCSwiftPackageProductDependency section */
	};
	rootObject = 269850822663DD07007B63CA /* Project object */;
}
